
Microsoft Visual Studio Solution File, Format Version 12.00
# Visual Studio Version 16
VisualStudioVersion = 16.0.30601.220
MinimumVisualStudioVersion = 10.0.40219.1
Project("{9A19103F-16F7-4668-BE54-9A1E7A4F7556}") = "packageValidation", "packageValidation.csproj", "{913302E7-22BA-4C74-8644-64B14DC9340A}"
EndProject
Global
	GlobalSection(SolutionConfigurationPlatforms) = preSolution
		Debug|Any CPU = Debug|Any CPU
		Release|Any CPU = Release|Any CPU
	EndGlobalSection
	GlobalSection(ProjectConfigurationPlatforms) = postSolution
		{913302E7-22BA-4C74-8644-64B14DC9340A}.Debug|Any CPU.ActiveCfg = Debug|Any CPU
		{913302E7-22BA-4C74-8644-64B14DC9340A}.Debug|Any CPU.Build.0 = Debug|Any CPU
		{913302E7-22BA-4C74-8644-64B14DC9340A}.Release|Any CPU.ActiveCfg = Release|Any CPU
		{913302E7-22BA-4C74-8644-64B14DC9340A}.Release|Any CPU.Build.0 = Release|Any CPU
	EndGlobalSection
	GlobalSection(SolutionProperties) = preSolution
		HideSolutionNode = FALSE
	EndGlobalSection
	GlobalSection(ExtensibilityGlobals) = postSolution
		SolutionGuid = {37F16F11-C24F-446D-8204-41FE4A3FA5E7}
	EndGlobalSection
EndGlobal
